
Microsoft Visual Studio Solution File, Format Version 12.00
# Visual Studio Version 17
VisualStudioVersion = 17.11.35219.272
MinimumVisualStudioVersion = 10.0.40219.1
Project("{FAE04EC0-301F-11D3-BF4B-00C04F79EFBC}") = "ExtractPDFPages", "ExtractPDFPages\ExtractPDFPages.csproj", "{D3F42E22-0B04-44FF-9206-2C191429EFE5}"
EndProject
Global
	GlobalSection(SolutionConfigurationPlatforms) = preSolution
		Debug|Any CPU = Debug|Any CPU
		Release|Any CPU = Release|Any CPU
	EndGlobalSection
	GlobalSection(ProjectConfigurationPlatforms) = postSolution
		{D3F42E22-0B04-44FF-9206-2C191429EFE5}.Debug|Any CPU.ActiveCfg = Debug|Any CPU
		{D3F42E22-0B04-44FF-9206-2C191429EFE5}.Debug|Any CPU.Build.0 = Debug|Any CPU
		{D3F42E22-0B04-44FF-9206-2C191429EFE5}.Release|Any CPU.ActiveCfg = Release|Any CPU
		{D3F42E22-0B04-44FF-9206-2C191429EFE5}.Release|Any CPU.Build.0 = Release|Any CPU
	EndGlobalSection
	GlobalSection(SolutionProperties) = preSolution
		HideSolutionNode = FALSE
	EndGlobalSection
	GlobalSection(ExtensibilityGlobals) = postSolution
		SolutionGuid = {8E0B204F-1F92-49B9-8170-597F1629B9FE}
	EndGlobalSection
EndGlobal
